{
  "name": "Mvc-app",
  "version": "1.0.0",
  "lockfileVersion": 1,
  "requires": true,
  "dependencies": {
    "global.css": {
      "version": "1.1.0",
      "resolved": "https://registry.npmmirror.com/global.css/-/global.css-1.1.0.tgz",
      "integrity": "sha512-bIP4n49d/Zz1czFDnCXdLwLsKO+G5jUhrlx5NGkrdpa9ugFn6ho4nqXRDWfkOeXDx8y+C/NfmBDCfvFxjQcY8A=="
    },
    "jquery": {
      "version": "3.6.0"
    }
  }
}
